
Microsoft Visual Studio Solution File, Format Version 12.00
# Visual Studio 2012
Project("{FAE04EC0-301F-11D3-BF4B-00C04F79EFBC}") = "UrnVisualizer", "UrnVisualizer\UrnVisualizer.csproj", "{8E7FCC39-34BE-4F18-8ECA-BC309FC48971}"
EndProject
Project("{FAE04EC0-301F-11D3-BF4B-00C04F79EFBC}") = "LogisticMap", "LogisticMap\LogisticMap.csproj", "{76C31470-25BF-4FCB-9851-2163A85AE86C}"
EndProject
Project("{FAE04EC0-301F-11D3-BF4B-00C04F79EFBC}") = "ChaosGame", "ChaosGame\ChaosGame.csproj", "{100DFB12-3C99-4A3A-9F71-4258F0D92238}"
EndProject
Project("{FAE04EC0-301F-11D3-BF4B-00C04F79EFBC}") = "SimulationLib", "SimulationLib\SimulationLib.csproj", "{20D7B14B-4FD0-4C38-A880-CF6BDBF07028}"
EndProject
Project("{FAE04EC0-301F-11D3-BF4B-00C04F79EFBC}") = "IsingModel", "IsingModel\IsingModel.csproj", "{4820FB42-C5F1-4ADA-B6DC-C1B694151C8E}"
EndProject
Project("{FAE04EC0-301F-11D3-BF4B-00C04F79EFBC}") = "UnitTests", "UnitTests\UnitTests.csproj", "{CA6CD0CB-EB2C-497A-B68C-379CA965185C}"
EndProject
Global
	GlobalSection(SolutionConfigurationPlatforms) = preSolution
		Debug|Any CPU = Debug|Any CPU
		Release|Any CPU = Release|Any CPU
	EndGlobalSection
	GlobalSection(ProjectConfigurationPlatforms) = postSolution
		{8E7FCC39-34BE-4F18-8ECA-BC309FC48971}.Debug|Any CPU.ActiveCfg = Debug|Any CPU
		{8E7FCC39-34BE-4F18-8ECA-BC309FC48971}.Debug|Any CPU.Build.0 = Debug|Any CPU
		{8E7FCC39-34BE-4F18-8ECA-BC309FC48971}.Release|Any CPU.ActiveCfg = Release|Any CPU
		{8E7FCC39-34BE-4F18-8ECA-BC309FC48971}.Release|Any CPU.Build.0 = Release|Any CPU
		{76C31470-25BF-4FCB-9851-2163A85AE86C}.Debug|Any CPU.ActiveCfg = Debug|Any CPU
		{76C31470-25BF-4FCB-9851-2163A85AE86C}.Debug|Any CPU.Build.0 = Debug|Any CPU
		{76C31470-25BF-4FCB-9851-2163A85AE86C}.Release|Any CPU.ActiveCfg = Release|Any CPU
		{76C31470-25BF-4FCB-9851-2163A85AE86C}.Release|Any CPU.Build.0 = Release|Any CPU
		{100DFB12-3C99-4A3A-9F71-4258F0D92238}.Debug|Any CPU.ActiveCfg = Debug|Any CPU
		{100DFB12-3C99-4A3A-9F71-4258F0D92238}.Debug|Any CPU.Build.0 = Debug|Any CPU
		{100DFB12-3C99-4A3A-9F71-4258F0D92238}.Release|Any CPU.ActiveCfg = Release|Any CPU
		{100DFB12-3C99-4A3A-9F71-4258F0D92238}.Release|Any CPU.Build.0 = Release|Any CPU
		{20D7B14B-4FD0-4C38-A880-CF6BDBF07028}.Debug|Any CPU.ActiveCfg = Debug|Any CPU
		{20D7B14B-4FD0-4C38-A880-CF6BDBF07028}.Debug|Any CPU.Build.0 = Debug|Any CPU
		{20D7B14B-4FD0-4C38-A880-CF6BDBF07028}.Release|Any CPU.ActiveCfg = Release|Any CPU
		{20D7B14B-4FD0-4C38-A880-CF6BDBF07028}.Release|Any CPU.Build.0 = Release|Any CPU
		{4820FB42-C5F1-4ADA-B6DC-C1B694151C8E}.Debug|Any CPU.ActiveCfg = Debug|Any CPU
		{4820FB42-C5F1-4ADA-B6DC-C1B694151C8E}.Debug|Any CPU.Build.0 = Debug|Any CPU
		{4820FB42-C5F1-4ADA-B6DC-C1B694151C8E}.Release|Any CPU.ActiveCfg = Release|Any CPU
		{4820FB42-C5F1-4ADA-B6DC-C1B694151C8E}.Release|Any CPU.Build.0 = Release|Any CPU
		{CA6CD0CB-EB2C-497A-B68C-379CA965185C}.Debug|Any CPU.ActiveCfg = Debug|Any CPU
		{CA6CD0CB-EB2C-497A-B68C-379CA965185C}.Debug|Any CPU.Build.0 = Debug|Any CPU
		{CA6CD0CB-EB2C-497A-B68C-379CA965185C}.Release|Any CPU.ActiveCfg = Release|Any CPU
		{CA6CD0CB-EB2C-497A-B68C-379CA965185C}.Release|Any CPU.Build.0 = Release|Any CPU
	EndGlobalSection
	GlobalSection(SolutionProperties) = preSolution
		HideSolutionNode = FALSE
	EndGlobalSection
EndGlobal
